
Microsoft Visual Studio Solution File, Format Version 12.00
# Visual Studio Version 17
VisualStudioVersion = 17.3.32922.545
MinimumVisualStudioVersion = 10.0.40219.1
Project("{FAE04EC0-301F-11D3-BF4B-00C04F79EFBC}") = "Examen", "Examen\Examen.csproj", "{6737361C-962B-40F1-8856-11AFFCF9CBEE}"
EndProject
Project("{FAE04EC0-301F-11D3-BF4B-00C04F79EFBC}") = "Datos", "Datos\Datos.csproj", "{A4E5DA5C-5D3C-43B1-B7CC-F6582BB33A70}"
EndProject
Project("{FAE04EC0-301F-11D3-BF4B-00C04F79EFBC}") = "Entidades", "Entidades\Entidades.csproj", "{3A6739E0-F67B-49F6-916A-C0956A6B6C71}"
EndProject
Global
	GlobalSection(SolutionConfigurationPlatforms) = preSolution
		Debug|Any CPU = Debug|Any CPU
		Release|Any CPU = Release|Any CPU
	EndGlobalSection
	GlobalSection(ProjectConfigurationPlatforms) = postSolution
		{6737361C-962B-40F1-8856-11AFFCF9CBEE}.Debug|Any CPU.ActiveCfg = Debug|Any CPU
		{6737361C-962B-40F1-8856-11AFFCF9CBEE}.Debug|Any CPU.Build.0 = Debug|Any CPU
		{6737361C-962B-40F1-8856-11AFFCF9CBEE}.Release|Any CPU.ActiveCfg = Release|Any CPU
		{6737361C-962B-40F1-8856-11AFFCF9CBEE}.Release|Any CPU.Build.0 = Release|Any CPU
		{A4E5DA5C-5D3C-43B1-B7CC-F6582BB33A70}.Debug|Any CPU.ActiveCfg = Debug|Any CPU
		{A4E5DA5C-5D3C-43B1-B7CC-F6582BB33A70}.Debug|Any CPU.Build.0 = Debug|Any CPU
		{A4E5DA5C-5D3C-43B1-B7CC-F6582BB33A70}.Release|Any CPU.ActiveCfg = Release|Any CPU
		{A4E5DA5C-5D3C-43B1-B7CC-F6582BB33A70}.Release|Any CPU.Build.0 = Release|Any CPU
		{3A6739E0-F67B-49F6-916A-C0956A6B6C71}.Debug|Any CPU.ActiveCfg = Debug|Any CPU
		{3A6739E0-F67B-49F6-916A-C0956A6B6C71}.Debug|Any CPU.Build.0 = Debug|Any CPU
		{3A6739E0-F67B-49F6-916A-C0956A6B6C71}.Release|Any CPU.ActiveCfg = Release|Any CPU
		{3A6739E0-F67B-49F6-916A-C0956A6B6C71}.Release|Any CPU.Build.0 = Release|Any CPU
	EndGlobalSection
	GlobalSection(SolutionProperties) = preSolution
		HideSolutionNode = FALSE
	EndGlobalSection
	GlobalSection(ExtensibilityGlobals) = postSolution
		SolutionGuid = {6D45E86E-AFA9-405B-B3CC-009CECC5F69C}
	EndGlobalSection
EndGlobal
